lockfileVersion: '9.0'

settings:
  autoInstallPeers: true
  excludeLinksFromLockfile: false

importers:

  .:
    devDependencies:
      '@revi/prettier-config':
        specifier: 0.1.3
        version: 0.1.3(prettier@3.3.3)
      prettier:
        specifier: 3.3.3
        version: 3.3.3

packages:

  '@prettier/plugin-php@0.22.2':
    resolution: {integrity: sha512-md0+7tNbsP0oy+wIP3KZZc6fzx1k1jtWaMjOy/gM8yU9f2BDYEi+iHOc/UNPihYvPI28zFTbjvlhH4QXQjQwNg==}
    peerDependencies:
      prettier: ^3.0.0

  '@prettier/plugin-xml@3.4.1':
    resolution: {integrity: sha512-Uf/6/+9ez6z/IvZErgobZ2G9n1ybxF5BhCd7eMcKqfoWuOzzNUxBipNo3QAP8kRC1VD18TIo84no7LhqtyDcTg==}
    peerDependencies:
      prettier: ^3.0.0

  '@revi/prettier-config@0.1.3':
    resolution: {integrity: sha512-GdH3oQTd6Ed9SrFUmvDbLfYH1fN5hTOjplHuFkBX5bN3wsYllFbGi+78rr+5gdb6zz9ZAP1UZz+AwKKCalHVew==}
    peerDependencies:
      prettier: 3.3.3

  '@taplo/core@0.1.1':
    resolution: {integrity: sha512-BG/zLGf5wiNXGEVPvUAAX/4ilB3PwDUY2o0MV0y47mZbDZ9ad9UK/cIQsILat3bqbPJsALVbU6k3cskNZ3vAQg==}

  '@taplo/lib@0.4.0-alpha.2':
    resolution: {integrity: sha512-DV/Re3DPVY+BhBtLZ3dmP4mP6YMLSsgq9qGLXwOV38lvNF/fBlgvQswzlXmzCEefL/3q2eMoefZpOI/+GLuCNA==}

  '@xml-tools/parser@1.0.11':
    resolution: {integrity: sha512-aKqQ077XnR+oQtHJlrAflaZaL7qZsulWc/i/ZEooar5JiWj1eLt0+Wg28cpa+XLney107wXqneC+oG1IZvxkTA==}

  chevrotain@7.1.1:
    resolution: {integrity: sha512-wy3mC1x4ye+O+QkEinVJkPf5u2vsrDIYW9G7ZuwFl6v/Yu0LwUuT2POsb+NUWApebyxfkQq6+yDfRExbnI5rcw==}

  linguist-languages@7.27.0:
    resolution: {integrity: sha512-Wzx/22c5Jsv2ag+uKy+ITanGA5hzvBZngrNGDXLTC7ZjGM6FLCYGgomauTkxNJeP9of353OM0pWqngYA180xgw==}

  mvdan-sh@0.10.1:
    resolution: {integrity: sha512-kMbrH0EObaKmK3nVRKUIIya1dpASHIEusM13S4V1ViHFuxuNxCo+arxoa6j/dbV22YBGjl7UKJm9QQKJ2Crzhg==}

  php-parser@3.1.5:
    resolution: {integrity: sha512-jEY2DcbgCm5aclzBdfW86GM6VEIWcSlhTBSHN1qhJguVePlYe28GhwS0yoeLYXpM2K8y6wzLwrbq814n2PHSoQ==}

  prettier-plugin-sh@0.14.0:
    resolution: {integrity: sha512-hfXulj5+zEl/ulrO5kMuuTPKmXvOg0bnLHY1hKFNN/N+/903iZbNp8NyZBTsgI8dtkSgFfAEIQq0IQTyP1ZVFQ==}
    engines: {node: '>=16.0.0'}
    peerDependencies:
      prettier: ^3.0.3

  prettier-plugin-toml@2.0.1:
    resolution: {integrity: sha512-99z1YOkViECHtXQjGIigd3talI/ybUI1zB3yniAwUrlWBXupNXThB1hM6bwSMUEj2/+tomTlMtT98F5t4s8IWA==}
    engines: {node: '>=16.0.0'}
    peerDependencies:
      prettier: ^3.0.3

  prettier@3.3.3:
    resolution: {integrity: sha512-i2tDNA0O5IrMO757lfrdQZCc2jPNDVntV0m/+4whiDfWaTKfMNgR7Qz0NAeGz/nRqF4m5/6CLzbP4/liHt12Ew==}
    engines: {node: '>=14'}
    hasBin: true

  regexp-to-ast@0.5.0:
    resolution: {integrity: sha512-tlbJqcMHnPKI9zSrystikWKwHkBqu2a/Sgw01h3zFjvYrMxEDYHzzoMZnUrbIfpTFEsoRnnviOXNCzFiSc54Qw==}

  sh-syntax@0.4.2:
    resolution: {integrity: sha512-/l2UZ5fhGZLVZa16XQM9/Vq/hezGGbdHeVEA01uWjOL1+7Ek/gt6FquW0iKKws4a9AYPYvlz6RyVvjh3JxOteg==}
    engines: {node: '>=16.0.0'}

  tslib@2.6.3:
    resolution: {integrity: sha512-xNvxJEOUiWPGhUuUdQgAJPKOOJfGnIyKySOc09XkKsgdUV/3E2zvwZYdejjmRgPCgcym1juLH3226yA7sEFJKQ==}

snapshots:

  '@prettier/plugin-php@0.22.2(prettier@3.3.3)':
    dependencies:
      linguist-languages: 7.27.0
      php-parser: 3.1.5
      prettier: 3.3.3

  '@prettier/plugin-xml@3.4.1(prettier@3.3.3)':
    dependencies:
      '@xml-tools/parser': 1.0.11
      prettier: 3.3.3

  '@revi/prettier-config@0.1.3(prettier@3.3.3)':
    dependencies:
      '@prettier/plugin-php': 0.22.2(prettier@3.3.3)
      '@prettier/plugin-xml': 3.4.1(prettier@3.3.3)
      prettier: 3.3.3
      prettier-plugin-sh: 0.14.0(prettier@3.3.3)
      prettier-plugin-toml: 2.0.1(prettier@3.3.3)

  '@taplo/core@0.1.1': {}

  '@taplo/lib@0.4.0-alpha.2':
    dependencies:
      '@taplo/core': 0.1.1

  '@xml-tools/parser@1.0.11':
    dependencies:
      chevrotain: 7.1.1

  chevrotain@7.1.1:
    dependencies:
      regexp-to-ast: 0.5.0

  linguist-languages@7.27.0: {}

  mvdan-sh@0.10.1: {}

  php-parser@3.1.5: {}

  prettier-plugin-sh@0.14.0(prettier@3.3.3):
    dependencies:
      mvdan-sh: 0.10.1
      prettier: 3.3.3
      sh-syntax: 0.4.2

  prettier-plugin-toml@2.0.1(prettier@3.3.3):
    dependencies:
      '@taplo/lib': 0.4.0-alpha.2
      prettier: 3.3.3

  prettier@3.3.3: {}

  regexp-to-ast@0.5.0: {}

  sh-syntax@0.4.2:
    dependencies:
      tslib: 2.6.3

  tslib@2.6.3: {}
